// !$*UTF8*$!
{
	archiveVersion = 1;
	classes = {
	};
	objectVersion = 46;
	objects = {

/* Begin PBXBuildFile section */
		31E2B39A66C34A4863044F68 /* Pods_ObjectiveMonkeySample.framework in Frameworks */ = {isa = PBXBuildFile; fileRef = 5530EEBAA5AA1CB96B2E45B1 /* Pods_ObjectiveMonkeySample.framework */; };
		7F3E37031E0907C7009F7793 /* AppDelegate.swift in Sources */ = {isa = PBXBuildFile; fileRef = 7F3E37021E0907C7009F7793 /* AppDelegate.swift */; };
		7F3E37051E0907C7009F7793 /* ViewController.swift in Sources */ = {isa = PBXBuildFile; fileRef = 7F3E37041E0907C7009F7793 /* ViewController.swift */; };
		7F3E37081E0907C7009F7793 /* Main.storyboard in Resources */ = {isa = PBXBuildFile; fileRef = 7F3E37061E0907C7009F7793 /* Main.storyboard */; };
		7F3E370A1E0907C7009F7793 /* Assets.xcassets in Resources */ = {isa = PBXBuildFile; fileRef = 7F3E37091E0907C7009F7793 /* Assets.xcassets */; };
		7F3E370D1E0907C7009F7793 /* LaunchScreen.storyboard in Resources */ = {isa = PBXBuildFile; fileRef = 7F3E370B1E0907C7009F7793 /* LaunchScreen.storyboard */; };
		7F3E37151E090C31009F7793 /* patch.js in Resources */ = {isa = PBXBuildFile; fileRef = 7F3E37141E090C31009F7793 /* patch.js */; };
/* End PBXBuildFile section */

/* Begin PBXFileReference section */
		4ACF311CE0F9FF4103760191 /* Pods-ObjectiveMonkeySample.release.xcconfig */ = {isa = PBXFileReference; includeInIndex = 1; lastKnownFileType = text.xcconfig; name = "Pods-ObjectiveMonkeySample.release.xcconfig"; path = "Pods/Target Support Files/Pods-ObjectiveMonkeySample/Pods-ObjectiveMonkeySample.release.xcconfig"; sourceTree = "<group>"; };
		5530EEBAA5AA1CB96B2E45B1 /* Pods_ObjectiveMonkeySample.framework */ = {isa = PBXFileReference; explicitFileType = wrapper.framework; includeInIndex = 0; path = Pods_ObjectiveMonkeySample.framework; sourceTree = BUILT_PRODUCTS_DIR; };
		7F3E36FF1E0907C7009F7793 /* ObjectiveMonkeySample.app */ = {isa = PBXFileReference; explicitFileType = wrapper.application; includeInIndex = 0; path = ObjectiveMonkeySample.app; sourceTree = BUILT_PRODUCTS_DIR; };
		7F3E37021E0907C7009F7793 /* AppDelegate.swift */ = {isa = PBXFileReference; lastKnownFileType = sourcecode.swift; path = AppDelegate.swift; sourceTree = "<group>"; };
		7F3E37041E0907C7009F7793 /* ViewController.swift */ = {isa = PBXFileReference; lastKnownFileType = sourcecode.swift; path = ViewController.swift; sourceTree = "<group>"; };
		7F3E37071E0907C7009F7793 /* Base */ = {isa = PBXFileReference; lastKnownFileType = file.storyboard; name = Base; path = Base.lproj/Main.storyboard; sourceTree = "<group>"; };
		7F3E37091E0907C7009F7793 /* Assets.xcassets */ = {isa = PBXFileReference; lastKnownFileType = folder.assetcatalog; path = Assets.xcassets; sourceTree = "<group>"; };
		7F3E370C1E0907C7009F7793 /* Base */ = {isa = PBXFileReference; lastKnownFileType = file.storyboard; name = Base; path = Base.lproj/LaunchScreen.storyboard; sourceTree = "<group>"; };
		7F3E370E1E0907C7009F7793 /* Info.plist */ = {isa = PBXFileReference; lastKnownFileType = text.plist.xml; path = Info.plist; sourceTree = "<group>"; };
		7F3E37141E090C31009F7793 /* patch.js */ = {isa = PBXFileReference; fileEncoding = 4; lastKnownFileType = sourcecode.javascript; path = patch.js; sourceTree = "<group>"; };
		C7EEF361963895B12211A4DF /* Pods-ObjectiveMonkeySample.debug.xcconfig */ = {isa = PBXFileReference; includeInIndex = 1; lastKnownFileType = text.xcconfig; name = "Pods-ObjectiveMonkeySample.debug.xcconfig"; path = "Pods/Target Support Files/Pods-ObjectiveMonkeySample/Pods-ObjectiveMonkeySample.debug.xcconfig"; sourceTree = "<group>"; };
/* End PBXFileReference section */

/* Begin PBXFrameworksBuildPhase section */
		7F3E36FC1E0907C7009F7793 /* Frameworks */ = {
			isa = PBXFrameworksBuildPhase;
			buildActionMask = 2147483647;
			files = (
				31E2B39A66C34A4863044F68 /* Pods_ObjectiveMonkeySample.framework in Frameworks */,
			);
			runOnlyForDeploymentPostprocessing = 0;
		};
/* End PBXFrameworksBuildPhase section */

/* Begin PBXGroup section */
		27695D83FA27929D9E72E1B6 /* Pods */ = {
			isa = PBXGroup;
			children = (
				C7EEF361963895B12211A4DF /* Pods-ObjectiveMonkeySample.debug.xcconfig */,
				4ACF311CE0F9FF4103760191 /* Pods-ObjectiveMonkeySample.release.xcconfig */,
			);
			name = Pods;
			sourceTree = "<group>";
		};
		7F3E36F61E0907C7009F7793 = {
			isa = PBXGroup;
			children = (
				7F3E37011E0907C7009F7793 /* ObjectiveMonkeySample */,
				7F3E37001E0907C7009F7793 /* Products */,
				27695D83FA27929D9E72E1B6 /* Pods */,
				BAE21AE9C0F969910350859C /* Frameworks */,
			);
			sourceTree = "<group>";
		};
		7F3E37001E0907C7009F7793 /* Products */ = {
			isa = PBXGroup;
			children = (
				7F3E36FF1E0907C7009F7793 /* ObjectiveMonkeySample.app */,
			);
			name = Products;
			sourceTree = "<group>";
		};
		7F3E37011E0907C7009F7793 /* ObjectiveMonkeySample */ = {
			isa = PBXGroup;
			children = (
				7F3E37141E090C31009F7793 /* patch.js */,
				7F3E37021E0907C7009F7793 /* AppDelegate.swift */,
				7F3E37041E0907C7009F7793 /* ViewController.swift */,
				7F3E37061E0907C7009F7793 /* Main.storyboard */,
				7F3E37091E0907C7009F7793 /* Assets.xcassets */,
				7F3E370B1E0907C7009F7793 /* LaunchScreen.storyboard */,
				7F3E370E1E0907C7009F7793 /* Info.plist */,
			);
			path = ObjectiveMonkeySample;
			sourceTree = "<group>";
		};
		BAE21AE9C0F969910350859C /* Frameworks */ = {
			isa = PBXGroup;
			children = (
				5530EEBAA5AA1CB96B2E45B1 /* Pods_ObjectiveMonkeySample.framework */,
			);
			name = Frameworks;
			sourceTree = "<group>";
		};
/* End PBXGroup section */

/* Begin PBXNativeTarget section */
		7F3E36FE1E0907C7009F7793 /* ObjectiveMonkeySample */ = {
			isa = PBXNativeTarget;
			buildConfigurationList = 7F3E37111E0907C7009F7793 /* Build configuration list for PBXNativeTarget "ObjectiveMonkeySample" */;
			buildPhases = (
				A1C38D0DA17CC1021483DA5A /* [CP] Check Pods Manifest.lock */,
				7F3E36FB1E0907C7009F7793 /* Sources */,
				7F3E36FC1E0907C7009F7793 /* Frameworks */,
				7F3E36FD1E0907C7009F7793 /* Resources */,
				C82494E0756C2FA7364EDDA6 /* [CP] Embed Pods Frameworks */,
				77683C5CE8164DC5E34CD56D /* [CP] Copy Pods Resources */,
			);
			buildRules = (
			);
			dependencies = (
			);
			name = ObjectiveMonkeySample;
			productName = ObjectiveMonkeySample;
			productReference = 7F3E36FF1E0907C7009F7793 /* ObjectiveMonkeySample.app */;
			productType = "com.apple.product-type.application";
		};
/* End PBXNativeTarget section */

/* Begin PBXProject section */
		7F3E36F71E0907C7009F7793 /* Project object */ = {
			isa = PBXProject;
			attributes = {
				LastSwiftUpdateCheck = 0820;
				LastUpgradeCheck = 0820;
				ORGANIZATIONNAME = saiten;
				TargetAttributes = {
					7F3E36FE1E0907C7009F7793 = {
						CreatedOnToolsVersion = 8.2;
						DevelopmentTeam = L47JL4W4N2;
						ProvisioningStyle = Automatic;
					};
				};
			};
			buildConfigurationList = 7F3E36FA1E0907C7009F7793 /* Build configuration list for PBXProject "ObjectiveMonkeySample" */;
			compatibilityVersion = "Xcode 3.2";
			developmentRegion = English;
			hasScannedForEncodings = 0;
			knownRegions = (
				en,
				Base,
			);
			mainGroup = 7F3E36F61E0907C7009F7793;
			productRefGroup = 7F3E37001E0907C7009F7793 /* Products */;
			projectDirPath = "";
			projectRoot = "";
			targets = (
				7F3E36FE1E0907C7009F7793 /* ObjectiveMonkeySample */,
			);
		};
/* End PBXProject section */

/* Begin PBXResourcesBuildPhase section */
		7F3E36FD1E0907C7009F7793 /* Resources */ = {
			isa = PBXResourcesBuildPhase;
			buildActionMask = 2147483647;
			files = (
				7F3E370D1E0907C7009F7793 /* LaunchScreen.storyboard in Resources */,
				7F3E370A1E0907C7009F7793 /* Assets.xcassets in Resources */,
				7F3E37081E0907C7009F7793 /* Main.storyboard in Resources */,
				7F3E37151E090C31009F7793 /* patch.js in Resources */,
			);
			runOnlyForDeploymentPostprocessing = 0;
		};
/* End PBXResourcesBuildPhase section */

/* Begin PBXShellScriptBuildPhase section */
		77683C5CE8164DC5E34CD56D /* [CP] Copy Pods Resources */ = {
			isa = PBXShellScriptBuildPhase;
			buildActionMask = 2147483647;
			files = (
			);
			inputPaths = (
			);
			name = "[CP] Copy Pods Resources";
			outputPaths = (
			);
			runOnlyForDeploymentPostprocessing = 0;
			shellPath = /bin/sh;
			shellScript = "\"${SRCROOT}/Pods/Target Support Files/Pods-ObjectiveMonkeySample/Pods-ObjectiveMonkeySample-resources.sh\"\n";
			showEnvVarsInLog = 0;
		};
		A1C38D0DA17CC1021483DA5A /* [CP] Check Pods Manifest.lock */ = {
			isa = PBXShellScriptBuildPhase;
			buildActionMask = 2147483647;
			files = (
			);
			inputPaths = (
			);
			name = "[CP] Check Pods Manifest.lock";
			outputPaths = (
			);
			runOnlyForDeploymentPostprocessing = 0;
			shellPath = /bin/sh;
			shellScript = "diff \"${PODS_ROOT}/../Podfile.lock\" \"${PODS_ROOT}/Manifest.lock\" > /dev/null\nif [ $? != 0 ] ; then\n    # print error to STDERR\n    echo \"error: The sandbox is not in sync with the Podfile.lock. Run 'pod install' or update your CocoaPods installation.\" >&2\n    exit 1\nfi\n";
			showEnvVarsInLog = 0;
		};
		C82494E0756C2FA7364EDDA6 /* [CP] Embed Pods Frameworks */ = {
			isa = PBXShellScriptBuildPhase;
			buildActionMask = 2147483647;
			files = (
			);
			inputPaths = (
			);
			name = "[CP] Embed Pods Frameworks";
			outputPaths = (
			);
			runOnlyForDeploymentPostprocessing = 0;
			shellPath = /bin/sh;
			shellScript = "\"${SRCROOT}/Pods/Target Support Files/Pods-ObjectiveMonkeySample/Pods-ObjectiveMonkeySample-frameworks.sh\"\n";
			showEnvVarsInLog = 0;
		};
/* End PBXShellScriptBuildPhase section */

/* Begin PBXSourcesBuildPhase section */
		7F3E36FB1E0907C7009F7793 /* Sources */ = {
			isa = PBXSourcesBuildPhase;
			buildActionMask = 2147483647;
			files = (
				7F3E37051E0907C7009F7793 /* ViewController.swift in Sources */,
				7F3E37031E0907C7009F7793 /* AppDelegate.swift in Sources */,
			);
			runOnlyForDeploymentPostprocessing = 0;
		};
/* End PBXSourcesBuildPhase section */

/* Begin PBXVariantGroup section */
		7F3E37061E0907C7009F7793 /* Main.storyboard */ = {
			isa = PBXVariantGroup;
			children = (
				7F3E37071E0907C7009F7793 /* Base */,
			);
			name = Main.storyboard;
			sourceTree = "<group>";
		};
		7F3E370B1E0907C7009F7793 /* LaunchScreen.storyboard */ = {
			isa = PBXVariantGroup;
			children = (
				7F3E370C1E0907C7009F7793 /* Base */,
			);
			name = LaunchScreen.storyboard;
			sourceTree = "<group>";
		};
/* End PBXVariantGroup section */

/* Begin XCBuildConfiguration section */
		7F3E370F1E0907C7009F7793 /* Debug */ = {
			isa = XCBuildConfiguration;
			buildSettings = {
				ALWAYS_SEARCH_USER_PATHS = NO;
				CLANG_ANALYZER_NONNULL = YES;
				CLANG_CXX_LANGUAGE_STANDARD = "gnu++0x";
				CLANG_CXX_LIBRARY = "libc++";
				CLANG_ENABLE_MODULES = YES;
				CLANG_ENABLE_OBJC_ARC = YES;
				CLANG_WARN_BOOL_CONVERSION = YES;
				CLANG_WARN_CONSTANT_CONVERSION = YES;
				CLANG_WARN_DIRECT_OBJC_ISA_USAGE = YES_ERROR;
				CLANG_WARN_DOCUMENTATION_COMMENTS = YES;
				CLANG_WARN_EMPTY_BODY = YES;
				CLANG_WARN_ENUM_CONVERSION = YES;
				CLANG_WARN_INFINITE_RECURSION = YES;
				CLANG_WARN_INT_CONVERSION = YES;
				CLANG_WARN_OBJC_ROOT_CLASS = YES_ERROR;
				CLANG_WARN_SUSPICIOUS_MOVE = YES;
				CLANG_WARN_UNREACHABLE_CODE = YES;
				CLANG_WARN__DUPLICATE_METHOD_MATCH = YES;
				"CODE_SIGN_IDENTITY[sdk=iphoneos*]" = "iPhone Developer";
				COPY_PHASE_STRIP = NO;
				DEBUG_INFORMATION_FORMAT = dwarf;
				ENABLE_STRICT_OBJC_MSGSEND = YES;
				ENABLE_TESTABILITY = YES;
				GCC_C_LANGUAGE_STANDARD = gnu99;
				GCC_DYNAMIC_NO_PIC = NO;
				GCC_NO_COMMON_BLOCKS = YES;
				GCC_OPTIMIZATION_LEVEL = 0;
				GCC_PREPROCESSOR_DEFINITIONS = (
					"DEBUG=1",
					"$(inherited)",
				);
				GCC_WARN_64_TO_32_BIT_CONVERSION = YES;
				GCC_WARN_ABOUT_RETURN_TYPE = YES_ERROR;
				GCC_WARN_UNDECLARED_SELECTOR = YES;
				GCC_WARN_UNINITIALIZED_AUTOS = YES_AGGRESSIVE;
				GCC_WARN_UNUSED_FUNCTION = YES;
				GCC_WARN_UNUSED_VARIABLE = YES;
				IPHONEOS_DEPLOYMENT_TARGET = 8.4;
				MTL_ENABLE_DEBUG_INFO = YES;
				ONLY_ACTIVE_ARCH = YES;
				SDKROOT = iphoneos;
				SWIFT_ACTIVE_COMPILATION_CONDITIONS = DEBUG;
				SWIFT_OPTIMIZATION_LEVEL = "-Onone";
			};
			name = Debug;
		};
		7F3E37101E0907C7009F7793 /* Release */ = {
			isa = XCBuildConfiguration;
			buildSettings = {
				ALWAYS_SEARCH_USER_PATHS = NO;
				CLANG_ANALYZER_NONNULL = YES;
				CLANG_CXX_LANGUAGE_STANDARD = "gnu++0x";
				CLANG_CXX_LIBRARY = "libc++";
				CLANG_ENABLE_MODULES = YES;
				CLANG_ENABLE_OBJC_ARC = YES;
				CLANG_WARN_BOOL_CONVERSION = YES;
				CLANG_WARN_CONSTANT_CONVERSION = YES;
				CLANG_WARN_DIRECT_OBJC_ISA_USAGE = YES_ERROR;
				CLANG_WARN_DOCUMENTATION_COMMENTS = YES;
				CLANG_WARN_EMPTY_BODY = YES;
				CLANG_WARN_ENUM_CONVERSION = YES;
				CLANG_WARN_INFINITE_RECURSION = YES;
				CLANG_WARN_INT_CONVERSION = YES;
				CLANG_WARN_OBJC_ROOT_CLASS = YES_ERROR;
				CLANG_WARN_SUSPICIOUS_MOVE = YES;
				CLANG_WARN_UNREACHABLE_CODE = YES;
				CLANG_WARN__DUPLICATE_METHOD_MATCH = YES;
				"CODE_SIGN_IDENTITY[sdk=iphoneos*]" = "iPhone Developer";
				COPY_PHASE_STRIP = NO;
				DEBUG_INFORMATION_FORMAT = "dwarf-with-dsym";
				ENABLE_NS_ASSERTIONS = NO;
				ENABLE_STRICT_OBJC_MSGSEND = YES;
				GCC_C_LANGUAGE_STANDARD = gnu99;
				GCC_NO_COMMON_BLOCKS = YES;
				GCC_WARN_64_TO_32_BIT_CONVERSION = YES;
				GCC_WARN_ABOUT_RETURN_TYPE = YES_ERROR;
				GCC_WARN_UNDECLARED_SELECTOR = YES;
				GCC_WARN_UNINITIALIZED_AUTOS = YES_AGGRESSIVE;
				GCC_WARN_UNUSED_FUNCTION = YES;
				GCC_WARN_UNUSED_VARIABLE = YES;
				IPHONEOS_DEPLOYMENT_TARGET = 8.4;
				MTL_ENABLE_DEBUG_INFO = NO;
				SDKROOT = iphoneos;
				SWIFT_OPTIMIZATION_LEVEL = "-Owholemodule";
				VALIDATE_PRODUCT = YES;
			};
			name = Release;
		};
		7F3E37121E0907C7009F7793 /* Debug */ = {
			isa = XCBuildConfiguration;
			baseConfigurationReference = C7EEF361963895B12211A4DF /* Pods-ObjectiveMonkeySample.debug.xcconfig */;
			buildSettings = {
				ASSETCATALOG_COMPILER_APPICON_NAME = AppIcon;
				DEVELOPMENT_TEAM = L47JL4W4N2;
				INFOPLIST_FILE = ObjectiveMonkeySample/Info.plist;
				LD_RUNPATH_SEARCH_PATHS = "$(inherited) @executable_path/Frameworks";
				PRODUCT_BUNDLE_IDENTIFIER = co.saiten.ObjectiveMonkeySample;
				PRODUCT_NAME = "$(TARGET_NAME)";
				SWIFT_VERSION = 3.0;
			};
			name = Debug;
		};
		7F3E37131E0907C7009F7793 /* Release */ = {
			isa = XCBuildConfiguration;
			baseConfigurationReference = 4ACF311CE0F9FF4103760191 /* Pods-ObjectiveMonkeySample.release.xcconfig */;
			buildSettings = {
				ASSETCATALOG_COMPILER_APPICON_NAME = AppIcon;
				DEVELOPMENT_TEAM = L47JL4W4N2;
				INFOPLIST_FILE = ObjectiveMonkeySample/Info.plist;
				LD_RUNPATH_SEARCH_PATHS = "$(inherited) @executable_path/Frameworks";
				PRODUCT_BUNDLE_IDENTIFIER = co.saiten.ObjectiveMonkeySample;
				PRODUCT_NAME = "$(TARGET_NAME)";
				SWIFT_VERSION = 3.0;
			};
			name = Release;
		};
/* End XCBuildConfiguration section */

/* Begin XCConfigurationList section */
		7F3E36FA1E0907C7009F7793 /* Build configuration list for PBXProject "ObjectiveMonkeySample" */ = {
			isa = XCConfigurationList;
			buildConfigurations = (
				7F3E370F1E0907C7009F7793 /* Debug */,
				7F3E37101E0907C7009F7793 /* Release */,
			);
			defaultConfigurationIsVisible = 0;
			defaultConfigurationName = Release;
		};
		7F3E37111E0907C7009F7793 /* Build configuration list for PBXNativeTarget "ObjectiveMonkeySample" */ = {
			isa = XCConfigurationList;
			buildConfigurations = (
				7F3E37121E0907C7009F7793 /* Debug */,
				7F3E37131E0907C7009F7793 /* Release */,
			);
			defaultConfigurationIsVisible = 0;
			defaultConfigurationName = Release;
		};
/* End XCConfigurationList section */
	};
	rootObject = 7F3E36F71E0907C7009F7793 /* Project object */;
}
